
Microsoft Visual Studio Solution File, Format Version 12.00
# Visual Studio Version 17
VisualStudioVersion = 17.4.33110.190
MinimumVisualStudioVersion = 10.0.40219.1
Project("{FAE04EC0-301F-11D3-BF4B-00C04F79EFBC}") = "ClickDemo", "ClickDemo\ClickDemo.csproj", "{80BDA7F5-F5FE-458C-88D3-3FE47C102B2E}"
EndProject
Global
	GlobalSection(SolutionConfigurationPlatforms) = preSolution
		Debug|Any CPU = Debug|Any CPU
		Release|Any CPU = Release|Any CPU
	EndGlobalSection
	GlobalSection(ProjectConfigurationPlatforms) = postSolution
		{80BDA7F5-F5FE-458C-88D3-3FE47C102B2E}.Debug|Any CPU.ActiveCfg = Debug|Any CPU
		{80BDA7F5-F5FE-458C-88D3-3FE47C102B2E}.Debug|Any CPU.Build.0 = Debug|Any CPU
		{80BDA7F5-F5FE-458C-88D3-3FE47C102B2E}.Release|Any CPU.ActiveCfg = Release|Any CPU
		{80BDA7F5-F5FE-458C-88D3-3FE47C102B2E}.Release|Any CPU.Build.0 = Release|Any CPU
	EndGlobalSection
	GlobalSection(SolutionProperties) = preSolution
		HideSolutionNode = FALSE
	EndGlobalSection
	GlobalSection(ExtensibilityGlobals) = postSolution
		SolutionGuid = {33C28373-753A-4CC9-BC14-9138098F6AE5}
	EndGlobalSection
EndGlobal
